
Microsoft Visual Studio Solution File, Format Version 12.00
# Visual Studio Version 17
VisualStudioVersion = 17.5.002.0
MinimumVisualStudioVersion = 10.0.40219.1
Project("{9A19103F-16F7-4668-BE54-9A1E7A4F7556}") = "AppClientes", "AppClientes.csproj", "{8CF7D27E-7B9C-411F-83E4-6DCC92FCA95C}"
EndProject
Global
	GlobalSection(SolutionConfigurationPlatforms) = preSolution
		Debug|Any CPU = Debug|Any CPU
		Release|Any CPU = Release|Any CPU
	EndGlobalSection
	GlobalSection(ProjectConfigurationPlatforms) = postSolution
		{8CF7D27E-7B9C-411F-83E4-6DCC92FCA95C}.Debug|Any CPU.ActiveCfg = Debug|Any CPU
		{8CF7D27E-7B9C-411F-83E4-6DCC92FCA95C}.Debug|Any CPU.Build.0 = Debug|Any CPU
		{8CF7D27E-7B9C-411F-83E4-6DCC92FCA95C}.Release|Any CPU.ActiveCfg = Release|Any CPU
		{8CF7D27E-7B9C-411F-83E4-6DCC92FCA95C}.Release|Any CPU.Build.0 = Release|Any CPU
	EndGlobalSection
	GlobalSection(SolutionProperties) = preSolution
		HideSolutionNode = FALSE
	EndGlobalSection
	GlobalSection(ExtensibilityGlobals) = postSolution
		SolutionGuid = {0A1A6606-FED8-4104-9C21-6A6D12772AC1}
	EndGlobalSection
EndGlobal
